{
  "requires": true,
  "lockfileVersion": 1,
  "dependencies": {
    "@angular/core": {
      "version": "11.2.6",
      "resolved": "https://registry.npmjs.org/@angular/core/-/core-11.2.6.tgz",
      "integrity": "sha512-lS5JOQ/Y9gbk5WiMnCp5Zyz2pRIoZ+IWLOXHU5rkQeXy0zE3eMJhw0FfpEK+X5CeSNl2EPVSPLT0MtDtbNPodg==",
      "requires": {
        "tslib": "^2.0.0"
      }
    },
    "@angular/forms": {
      "version": "11.2.6",
      "resolved": "https://registry.npmjs.org/@angular/forms/-/forms-11.2.6.tgz",
      "integrity": "sha512-0xxayXCNc8lPQhDj5q/hAcG55cmDXPSBn2cxX4V+uDSGwKU1+h2CQID6gJdBJBh5wOaeMe6h8dK2s1pRgok66A==",
      "requires": {
        "tslib": "^2.0.0"
      }
    },
    "@angular/platform-browser": {
      "version": "11.2.6",
      "resolved": "https://registry.npmjs.org/@angular/platform-browser/-/platform-browser-11.2.6.tgz",
      "integrity": "sha512-xnYpfoqWyQOUngfbHefsZMyelCSAaxpopu/WYP0gpbYh9qJiVhsN9s6zRMqOIPueq9lmvlEuGBMgaJjeD6Ei7Q==",
      "requires": {
        "tslib": "^2.0.0"
      }
    },
    "tslib": {
      "version": "2.1.0",
      "resolved": "https://registry.npmjs.org/tslib/-/tslib-2.1.0.tgz",
      "integrity": "sha512-hcVC3wYEziELGGmEEXue7D75zbwIIVUMWAVbHItGPx0ziyXxrOMQx4rQEVEV45Ut/1IotuEvwqPopzIOkDMf0A=="
    }
  }
}
